dependencies:
- name: boxer-crd
  repository: oci://ghcr.io/sneaksanddata/helm
  version: v0.0.5
- name: boxer-issuer
  repository: oci://ghcr.io/sneaksanddata/helm
  version: v0.0.15
digest: sha256:6ecd039c592660370476ac3486a3dd1d444542c5b7bf735222e095aa78260000
generated: "2026-07-01T12:53:27.298366+02:00"
