dependencies:
- name: boxer-crd
  repository: oci://ghcr.io/sneaksanddata/helm
  version: v0.0.5
- name: boxer-issuer
  repository: oci://ghcr.io/sneaksanddata/helm
  version: v0.0.17
digest: sha256:9c1ce3551e4bb8059e44a514a2c1d3691ec88e2364fbd760eb01d4233bad6429
generated: "2026-08-11T14:36:01.657168+02:00"
