dependencies:
- name: boxer-crd
  repository: oci://ghcr.io/sneaksanddata/helm
  version: v0.0.5
- name: boxer-issuer
  repository: oci://ghcr.io/sneaksanddata/helm
  version: v0.0.16-1-g7bdf159
digest: sha256:50fa49c92ec069d8decced6e71f3c4f530c5df765272e5b6b3a55d1694546654
generated: "2026-08-11T13:34:18.473908+02:00"
